
Microsoft Visual Studio Solution File, Format Version 12.00
# Visual Studio Version 17
VisualStudioVersion = 17.5.33424.131
MinimumVisualStudioVersion = 10.0.40219.1
Project("{9A19103F-16F7-4668-BE54-9A1E7A4F7556}") = "Features", "EventService\Features.csproj", "{D2E57B5D-53B1-46B2-B741-C0909288BC26}"
EndProject
Project("{E53339B2-1760-4266-BCC7-CA923CBCF16C}") = "docker-compose", "docker-compose.dcproj", "{5742B07E-1665-40E5-901F-745F7918D15A}"
EndProject
Project("{FAE04EC0-301F-11D3-BF4B-00C04F79EFBC}") = "UnitTests", "UnitTests\UnitTests.csproj", "{3BD27EED-A610-459C-BD46-A2B45F5BCC8D}"
EndProject
Global
	GlobalSection(SolutionConfigurationPlatforms) = preSolution
		Debug|Any CPU = Debug|Any CPU
		Release|Any CPU = Release|Any CPU
	EndGlobalSection
	GlobalSection(ProjectConfigurationPlatforms) = postSolution
		{D2E57B5D-53B1-46B2-B741-C0909288BC26}.Debug|Any CPU.ActiveCfg = Debug|Any CPU
		{D2E57B5D-53B1-46B2-B741-C0909288BC26}.Debug|Any CPU.Build.0 = Debug|Any CPU
		{D2E57B5D-53B1-46B2-B741-C0909288BC26}.Release|Any CPU.ActiveCfg = Release|Any CPU
		{D2E57B5D-53B1-46B2-B741-C0909288BC26}.Release|Any CPU.Build.0 = Release|Any CPU
		{5742B07E-1665-40E5-901F-745F7918D15A}.Debug|Any CPU.ActiveCfg = Debug|Any CPU
		{5742B07E-1665-40E5-901F-745F7918D15A}.Debug|Any CPU.Build.0 = Debug|Any CPU
		{5742B07E-1665-40E5-901F-745F7918D15A}.Release|Any CPU.ActiveCfg = Release|Any CPU
		{5742B07E-1665-40E5-901F-745F7918D15A}.Release|Any CPU.Build.0 = Release|Any CPU
		{3BD27EED-A610-459C-BD46-A2B45F5BCC8D}.Debug|Any CPU.ActiveCfg = Debug|Any CPU
		{3BD27EED-A610-459C-BD46-A2B45F5BCC8D}.Debug|Any CPU.Build.0 = Debug|Any CPU
		{3BD27EED-A610-459C-BD46-A2B45F5BCC8D}.Release|Any CPU.ActiveCfg = Release|Any CPU
		{3BD27EED-A610-459C-BD46-A2B45F5BCC8D}.Release|Any CPU.Build.0 = Release|Any CPU
	EndGlobalSection
	GlobalSection(SolutionProperties) = preSolution
		HideSolutionNode = FALSE
	EndGlobalSection
	GlobalSection(ExtensibilityGlobals) = postSolution
		SolutionGuid = {5B28CAE4-063F-48CC-9F08-389E72E9E002}
	EndGlobalSection
EndGlobal
